
Microsoft Visual Studio Solution File, Format Version 12.00
# Visual Studio Version 17
VisualStudioVersion = 17.8.34525.116
MinimumVisualStudioVersion = 10.0.40219.1
Project("{FAE04EC0-301F-11D3-BF4B-00C04F79EFBC}") = "EmployeeManagement", "EmployeeManagement.csproj", "{1EEA0BB0-195C-437F-9EDA-12D5073D538A}"
EndProject
Global
	GlobalSection(SolutionConfigurationPlatforms) = preSolution
		Debug|Any CPU = Debug|Any CPU
		Release|Any CPU = Release|Any CPU
	EndGlobalSection
	GlobalSection(ProjectConfigurationPlatforms) = postSolution
		{1EEA0BB0-195C-437F-9EDA-12D5073D538A}.Debug|Any CPU.ActiveCfg = Debug|Any CPU
		{1EEA0BB0-195C-437F-9EDA-12D5073D538A}.Debug|Any CPU.Build.0 = Debug|Any CPU
		{1EEA0BB0-195C-437F-9EDA-12D5073D538A}.Release|Any CPU.ActiveCfg = Release|Any CPU
		{1EEA0BB0-195C-437F-9EDA-12D5073D538A}.Release|Any CPU.Build.0 = Release|Any CPU
	EndGlobalSection
	GlobalSection(SolutionProperties) = preSolution
		HideSolutionNode = FALSE
	EndGlobalSection
	GlobalSection(ExtensibilityGlobals) = postSolution
		SolutionGuid = {098FB6F4-5A2D-4891-8B37-AFA5B61FF299}
	EndGlobalSection
EndGlobal
